
Microsoft Visual Studio Solution File, Format Version 12.00
# Visual Studio Version 17
VisualStudioVersion = 17.0.31903.59
MinimumVisualStudioVersion = 10.0.40219.1
Project("{2150E333-8FDC-42A3-9474-1A3956D46DE8}") = "src", "src", "{827E0CD3-B72D-47B6-A68D-7590B98EB39B}"
EndProject
Project("{FAE04EC0-301F-11D3-BF4B-00C04F79EFBC}") = "backend.API", "src\backend.API\backend.API.csproj", "{C7F3DA1C-CA4C-4D8F-BA2C-15F43FF4C4B0}"
EndProject
Project("{FAE04EC0-301F-11D3-BF4B-00C04F79EFBC}") = "backend.Application", "src\backend.Application\backend.Application.csproj", "{D44D7AA0-149D-4343-86E1-838B65044D99}"
EndProject
Project("{FAE04EC0-301F-11D3-BF4B-00C04F79EFBC}") = "backend.Domain", "src\backend.Domain\backend.Domain.csproj", "{D7E7BF18-F052-48DB-837E-8A4C93DD8714}"
EndProject
Project("{FAE04EC0-301F-11D3-BF4B-00C04F79EFBC}") = "backend.Infrastructure", "src\backend.Infrastructure\backend.Infrastructure.csproj", "{249AA4C3-7264-4B06-828A-F5B99BA98A70}"
EndProject
Project("{FAE04EC0-301F-11D3-BF4B-00C04F79EFBC}") = "backend.Persistence", "src\backend.Persistence\backend.Persistence.csproj", "{1D448355-253F-4E18-86DE-8ECAD0448172}"
EndProject
Project("{FAE04EC0-301F-11D3-BF4B-00C04F79EFBC}") = "backend.Shared", "src\backend.Shared\backend.Shared.csproj", "{92239D64-DE4E-40D8-B333-BD63EBA6ECC4}"
EndProject
Project("{2150E333-8FDC-42A3-9474-1A3956D46DE8}") = "tests", "tests", "{0AB3BF05-4346-4AA6-1389-037BE0695223}"
EndProject
Project("{FAE04EC0-301F-11D3-BF4B-00C04F79EFBC}") = "backend.Application.Tests", "tests\backend.Application.Tests\backend.Application.Tests.csproj", "{E608D22B-25FE-426F-B912-87ACB88636CD}"
EndProject
Project("{FAE04EC0-301F-11D3-BF4B-00C04F79EFBC}") = "backend.Domain.Tests", "tests\backend.Domain.Tests\backend.Domain.Tests.csproj", "{4B4DD134-67CB-491C-BF0B-3A117433B811}"
EndProject
Project("{FAE04EC0-301F-11D3-BF4B-00C04F79EFBC}") = "backend.API.Tests", "tests\backend.API.Tests\backend.API.Tests.csproj", "{043EB962-F9F2-4063-B755-15CF081FABB1}"
EndProject
Global
	GlobalSection(SolutionConfigurationPlatforms) = preSolution
		Debug|Any CPU = Debug|Any CPU
		Debug|x64 = Debug|x64
		Debug|x86 = Debug|x86
		Release|Any CPU = Release|Any CPU
		Release|x64 = Release|x64
		Release|x86 = Release|x86
	EndGlobalSection
	GlobalSection(ProjectConfigurationPlatforms) = postSolution
		{C7F3DA1C-CA4C-4D8F-BA2C-15F43FF4C4B0}.Debug|Any CPU.ActiveCfg = Debug|Any CPU
		{C7F3DA1C-CA4C-4D8F-BA2C-15F43FF4C4B0}.Debug|Any CPU.Build.0 = Debug|Any CPU
		{C7F3DA1C-CA4C-4D8F-BA2C-15F43FF4C4B0}.Debug|x64.ActiveCfg = Debug|Any CPU
		{C7F3DA1C-CA4C-4D8F-BA2C-15F43FF4C4B0}.Debug|x64.Build.0 = Debug|Any CPU
		{C7F3DA1C-CA4C-4D8F-BA2C-15F43FF4C4B0}.Debug|x86.ActiveCfg = Debug|Any CPU
		{C7F3DA1C-CA4C-4D8F-BA2C-15F43FF4C4B0}.Debug|x86.Build.0 = Debug|Any CPU
		{C7F3DA1C-CA4C-4D8F-BA2C-15F43FF4C4B0}.Release|Any CPU.ActiveCfg = Release|Any CPU
		{C7F3DA1C-CA4C-4D8F-BA2C-15F43FF4C4B0}.Release|Any CPU.Build.0 = Release|Any CPU
		{C7F3DA1C-CA4C-4D8F-BA2C-15F43FF4C4B0}.Release|x64.ActiveCfg = Release|Any CPU
		{C7F3DA1C-CA4C-4D8F-BA2C-15F43FF4C4B0}.Release|x64.Build.0 = Release|Any CPU
		{C7F3DA1C-CA4C-4D8F-BA2C-15F43FF4C4B0}.Release|x86.ActiveCfg = Release|Any CPU
		{C7F3DA1C-CA4C-4D8F-BA2C-15F43FF4C4B0}.Release|x86.Build.0 = Release|Any CPU
		{D44D7AA0-149D-4343-86E1-838B65044D99}.Debug|Any CPU.ActiveCfg = Debug|Any CPU
		{D44D7AA0-149D-4343-86E1-838B65044D99}.Debug|Any CPU.Build.0 = Debug|Any CPU
		{D44D7AA0-149D-4343-86E1-838B65044D99}.Debug|x64.ActiveCfg = Debug|Any CPU
		{D44D7AA0-149D-4343-86E1-838B65044D99}.Debug|x64.Build.0 = Debug|Any CPU
		{D44D7AA0-149D-4343-86E1-838B65044D99}.Debug|x86.ActiveCfg = Debug|Any CPU
		{D44D7AA0-149D-4343-86E1-838B65044D99}.Debug|x86.Build.0 = Debug|Any CPU
		{D44D7AA0-149D-4343-86E1-838B65044D99}.Release|Any CPU.ActiveCfg = Release|Any CPU
		{D44D7AA0-149D-4343-86E1-838B65044D99}.Release|Any CPU.Build.0 = Release|Any CPU
		{D44D7AA0-149D-4343-86E1-838B65044D99}.Release|x64.ActiveCfg = Release|Any CPU
		{D44D7AA0-149D-4343-86E1-838B65044D99}.Release|x64.Build.0 = Release|Any CPU
		{D44D7AA0-149D-4343-86E1-838B65044D99}.Release|x86.ActiveCfg = Release|Any CPU
		{D44D7AA0-149D-4343-86E1-838B65044D99}.Release|x86.Build.0 = Release|Any CPU
		{D7E7BF18-F052-48DB-837E-8A4C93DD8714}.Debug|Any CPU.ActiveCfg = Debug|Any CPU
		{D7E7BF18-F052-48DB-837E-8A4C93DD8714}.Debug|Any CPU.Build.0 = Debug|Any CPU
		{D7E7BF18-F052-48DB-837E-8A4C93DD8714}.Debug|x64.ActiveCfg = Debug|Any CPU
		{D7E7BF18-F052-48DB-837E-8A4C93DD8714}.Debug|x64.Build.0 = Debug|Any CPU
		{D7E7BF18-F052-48DB-837E-8A4C93DD8714}.Debug|x86.ActiveCfg = Debug|Any CPU
		{D7E7BF18-F052-48DB-837E-8A4C93DD8714}.Debug|x86.Build.0 = Debug|Any CPU
		{D7E7BF18-F052-48DB-837E-8A4C93DD8714}.Release|Any CPU.ActiveCfg = Release|Any CPU
		{D7E7BF18-F052-48DB-837E-8A4C93DD8714}.Release|Any CPU.Build.0 = Release|Any CPU
		{D7E7BF18-F052-48DB-837E-8A4C93DD8714}.Release|x64.ActiveCfg = Release|Any CPU
		{D7E7BF18-F052-48DB-837E-8A4C93DD8714}.Release|x64.Build.0 = Release|Any CPU
		{D7E7BF18-F052-48DB-837E-8A4C93DD8714}.Release|x86.ActiveCfg = Release|Any CPU
		{D7E7BF18-F052-48DB-837E-8A4C93DD8714}.Release|x86.Build.0 = Release|Any CPU
		{249AA4C3-7264-4B06-828A-F5B99BA98A70}.Debug|Any CPU.ActiveCfg = Debug|Any CPU
		{249AA4C3-7264-4B06-828A-F5B99BA98A70}.Debug|Any CPU.Build.0 = Debug|Any CPU
		{249AA4C3-7264-4B06-828A-F5B99BA98A70}.Debug|x64.ActiveCfg = Debug|Any CPU
		{249AA4C3-7264-4B06-828A-F5B99BA98A70}.Debug|x64.Build.0 = Debug|Any CPU
		{249AA4C3-7264-4B06-828A-F5B99BA98A70}.Debug|x86.ActiveCfg = Debug|Any CPU
		{249AA4C3-7264-4B06-828A-F5B99BA98A70}.Debug|x86.Build.0 = Debug|Any CPU
		{249AA4C3-7264-4B06-828A-F5B99BA98A70}.Release|Any CPU.ActiveCfg = Release|Any CPU
		{249AA4C3-7264-4B06-828A-F5B99BA98A70}.Release|Any CPU.Build.0 = Release|Any CPU
		{249AA4C3-7264-4B06-828A-F5B99BA98A70}.Release|x64.ActiveCfg = Release|Any CPU
		{249AA4C3-7264-4B06-828A-F5B99BA98A70}.Release|x64.Build.0 = Release|Any CPU
		{249AA4C3-7264-4B06-828A-F5B99BA98A70}.Release|x86.ActiveCfg = Release|Any CPU
		{249AA4C3-7264-4B06-828A-F5B99BA98A70}.Release|x86.Build.0 = Release|Any CPU
		{1D448355-253F-4E18-86DE-8ECAD0448172}.Debug|Any CPU.ActiveCfg = Debug|Any CPU
		{1D448355-253F-4E18-86DE-8ECAD0448172}.Debug|Any CPU.Build.0 = Debug|Any CPU
		{1D448355-253F-4E18-86DE-8ECAD0448172}.Debug|x64.ActiveCfg = Debug|Any CPU
		{1D448355-253F-4E18-86DE-8ECAD0448172}.Debug|x64.Build.0 = Debug|Any CPU
		{1D448355-253F-4E18-86DE-8ECAD0448172}.Debug|x86.ActiveCfg = Debug|Any CPU
		{1D448355-253F-4E18-86DE-8ECAD0448172}.Debug|x86.Build.0 = Debug|Any CPU
		{1D448355-253F-4E18-86DE-8ECAD0448172}.Release|Any CPU.ActiveCfg = Release|Any CPU
		{1D448355-253F-4E18-86DE-8ECAD0448172}.Release|Any CPU.Build.0 = Release|Any CPU
		{1D448355-253F-4E18-86DE-8ECAD0448172}.Release|x64.ActiveCfg = Release|Any CPU
		{1D448355-253F-4E18-86DE-8ECAD0448172}.Release|x64.Build.0 = Release|Any CPU
		{1D448355-253F-4E18-86DE-8ECAD0448172}.Release|x86.ActiveCfg = Release|Any CPU
		{1D448355-253F-4E18-86DE-8ECAD0448172}.Release|x86.Build.0 = Release|Any CPU
		{92239D64-DE4E-40D8-B333-BD63EBA6ECC4}.Debug|Any CPU.ActiveCfg = Debug|Any CPU
		{92239D64-DE4E-40D8-B333-BD63EBA6ECC4}.Debug|Any CPU.Build.0 = Debug|Any CPU
		{92239D64-DE4E-40D8-B333-BD63EBA6ECC4}.Debug|x64.ActiveCfg = Debug|Any CPU
		{92239D64-DE4E-40D8-B333-BD63EBA6ECC4}.Debug|x64.Build.0 = Debug|Any CPU
		{92239D64-DE4E-40D8-B333-BD63EBA6ECC4}.Debug|x86.ActiveCfg = Debug|Any CPU
		{92239D64-DE4E-40D8-B333-BD63EBA6ECC4}.Debug|x86.Build.0 = Debug|Any CPU
		{92239D64-DE4E-40D8-B333-BD63EBA6ECC4}.Release|Any CPU.ActiveCfg = Release|Any CPU
		{92239D64-DE4E-40D8-B333-BD63EBA6ECC4}.Release|Any CPU.Build.0 = Release|Any CPU
		{92239D64-DE4E-40D8-B333-BD63EBA6ECC4}.Release|x64.ActiveCfg = Release|Any CPU
		{92239D64-DE4E-40D8-B333-BD63EBA6ECC4}.Release|x64.Build.0 = Release|Any CPU
		{92239D64-DE4E-40D8-B333-BD63EBA6ECC4}.Release|x86.ActiveCfg = Release|Any CPU
		{92239D64-DE4E-40D8-B333-BD63EBA6ECC4}.Release|x86.Build.0 = Release|Any CPU
		{E608D22B-25FE-426F-B912-87ACB88636CD}.Debug|Any CPU.ActiveCfg = Debug|Any CPU
		{E608D22B-25FE-426F-B912-87ACB88636CD}.Debug|Any CPU.Build.0 = Debug|Any CPU
		{E608D22B-25FE-426F-B912-87ACB88636CD}.Debug|x64.ActiveCfg = Debug|Any CPU
		{E608D22B-25FE-426F-B912-87ACB88636CD}.Debug|x64.Build.0 = Debug|Any CPU
		{E608D22B-25FE-426F-B912-87ACB88636CD}.Debug|x86.ActiveCfg = Debug|Any CPU
		{E608D22B-25FE-426F-B912-87ACB88636CD}.Debug|x86.Build.0 = Debug|Any CPU
		{E608D22B-25FE-426F-B912-87ACB88636CD}.Release|Any CPU.ActiveCfg = Release|Any CPU
		{E608D22B-25FE-426F-B912-87ACB88636CD}.Release|Any CPU.Build.0 = Release|Any CPU
		{E608D22B-25FE-426F-B912-87ACB88636CD}.Release|x64.ActiveCfg = Release|Any CPU
		{E608D22B-25FE-426F-B912-87ACB88636CD}.Release|x64.Build.0 = Release|Any CPU
		{E608D22B-25FE-426F-B912-87ACB88636CD}.Release|x86.ActiveCfg = Release|Any CPU
		{E608D22B-25FE-426F-B912-87ACB88636CD}.Release|x86.Build.0 = Release|Any CPU
		{4B4DD134-67CB-491C-BF0B-3A117433B811}.Debug|Any CPU.ActiveCfg = Debug|Any CPU
		{4B4DD134-67CB-491C-BF0B-3A117433B811}.Debug|Any CPU.Build.0 = Debug|Any CPU
		{4B4DD134-67CB-491C-BF0B-3A117433B811}.Debug|x64.ActiveCfg = Debug|Any CPU
		{4B4DD134-67CB-491C-BF0B-3A117433B811}.Debug|x64.Build.0 = Debug|Any CPU
		{4B4DD134-67CB-491C-BF0B-3A117433B811}.Debug|x86.ActiveCfg = Debug|Any CPU
		{4B4DD134-67CB-491C-BF0B-3A117433B811}.Debug|x86.Build.0 = Debug|Any CPU
		{4B4DD134-67CB-491C-BF0B-3A117433B811}.Release|Any CPU.ActiveCfg = Release|Any CPU
		{4B4DD134-67CB-491C-BF0B-3A117433B811}.Release|Any CPU.Build.0 = Release|Any CPU
		{4B4DD134-67CB-491C-BF0B-3A117433B811}.Release|x64.ActiveCfg = Release|Any CPU
		{4B4DD134-67CB-491C-BF0B-3A117433B811}.Release|x64.Build.0 = Release|Any CPU
		{4B4DD134-67CB-491C-BF0B-3A117433B811}.Release|x86.ActiveCfg = Release|Any CPU
		{4B4DD134-67CB-491C-BF0B-3A117433B811}.Release|x86.Build.0 = Release|Any CPU
		{043EB962-F9F2-4063-B755-15CF081FABB1}.Debug|Any CPU.ActiveCfg = Debug|Any CPU
		{043EB962-F9F2-4063-B755-15CF081FABB1}.Debug|Any CPU.Build.0 = Debug|Any CPU
		{043EB962-F9F2-4063-B755-15CF081FABB1}.Debug|x64.ActiveCfg = Debug|Any CPU
		{043EB962-F9F2-4063-B755-15CF081FABB1}.Debug|x64.Build.0 = Debug|Any CPU
		{043EB962-F9F2-4063-B755-15CF081FABB1}.Debug|x86.ActiveCfg = Debug|Any CPU
		{043EB962-F9F2-4063-B755-15CF081FABB1}.Debug|x86.Build.0 = Debug|Any CPU
		{043EB962-F9F2-4063-B755-15CF081FABB1}.Release|Any CPU.ActiveCfg = Release|Any CPU
		{043EB962-F9F2-4063-B755-15CF081FABB1}.Release|Any CPU.Build.0 = Release|Any CPU
		{043EB962-F9F2-4063-B755-15CF081FABB1}.Release|x64.ActiveCfg = Release|Any CPU
		{043EB962-F9F2-4063-B755-15CF081FABB1}.Release|x64.Build.0 = Release|Any CPU
		{043EB962-F9F2-4063-B755-15CF081FABB1}.Release|x86.ActiveCfg = Release|Any CPU
		{043EB962-F9F2-4063-B755-15CF081FABB1}.Release|x86.Build.0 = Release|Any CPU
	EndGlobalSection
	GlobalSection(SolutionProperties) = preSolution
		HideSolutionNode = FALSE
	EndGlobalSection
	GlobalSection(NestedProjects) = preSolution
		{C7F3DA1C-CA4C-4D8F-BA2C-15F43FF4C4B0} = {827E0CD3-B72D-47B6-A68D-7590B98EB39B}
		{D44D7AA0-149D-4343-86E1-838B65044D99} = {827E0CD3-B72D-47B6-A68D-7590B98EB39B}
		{D7E7BF18-F052-48DB-837E-8A4C93DD8714} = {827E0CD3-B72D-47B6-A68D-7590B98EB39B}
		{249AA4C3-7264-4B06-828A-F5B99BA98A70} = {827E0CD3-B72D-47B6-A68D-7590B98EB39B}
		{1D448355-253F-4E18-86DE-8ECAD0448172} = {827E0CD3-B72D-47B6-A68D-7590B98EB39B}
		{92239D64-DE4E-40D8-B333-BD63EBA6ECC4} = {827E0CD3-B72D-47B6-A68D-7590B98EB39B}
		{E608D22B-25FE-426F-B912-87ACB88636CD} = {0AB3BF05-4346-4AA6-1389-037BE0695223}
		{4B4DD134-67CB-491C-BF0B-3A117433B811} = {0AB3BF05-4346-4AA6-1389-037BE0695223}
		{043EB962-F9F2-4063-B755-15CF081FABB1} = {0AB3BF05-4346-4AA6-1389-037BE0695223}
	EndGlobalSection
EndGlobal
